
Microsoft Visual Studio Solution File, Format Version 12.00
# Visual Studio Version 16
VisualStudioVersion = 16.0.29102.190
MinimumVisualStudioVersion = 10.0.40219.1
Project("{FAE04EC0-301F-11D3-BF4B-00C04F79EFBC}") = "Array Methods", "Array Methods\Array Methods.csproj", "{863685AC-BABD-446A-8697-463445783574}"
EndProject
Global
	GlobalSection(SolutionConfigurationPlatforms) = preSolution
		Debug|Any CPU = Debug|Any CPU
		Release|Any CPU = Release|Any CPU
	EndGlobalSection
	GlobalSection(ProjectConfigurationPlatforms) = postSolution
		{863685AC-BABD-446A-8697-463445783574}.Debug|Any CPU.ActiveCfg = Debug|Any CPU
		{863685AC-BABD-446A-8697-463445783574}.Debug|Any CPU.Build.0 = Debug|Any CPU
		{863685AC-BABD-446A-8697-463445783574}.Release|Any CPU.ActiveCfg = Release|Any CPU
		{863685AC-BABD-446A-8697-463445783574}.Release|Any CPU.Build.0 = Release|Any CPU
	EndGlobalSection
	GlobalSection(SolutionProperties) = preSolution
		HideSolutionNode = FALSE
	EndGlobalSection
	GlobalSection(ExtensibilityGlobals) = postSolution
		SolutionGuid = {6684CF0A-C6EB-43CB-BE8A-7A338FAADE7C}
	EndGlobalSection
EndGlobal
