
Microsoft Visual Studio Solution File, Format Version 12.00
# Visual Studio Version 16
VisualStudioVersion = 16.0.29209.62
MinimumVisualStudioVersion = 10.0.40219.1
Project("{FAE04EC0-301F-11D3-BF4B-00C04F79EFBC}") = "Math_List", "Math_List\Math_List.csproj", "{1061510F-6A3D-4D2D-A7D8-AACAFF6AF336}"
EndProject
Global
	GlobalSection(SolutionConfigurationPlatforms) = preSolution
		Debug|Any CPU = Debug|Any CPU
		Release|Any CPU = Release|Any CPU
	EndGlobalSection
	GlobalSection(ProjectConfigurationPlatforms) = postSolution
		{1061510F-6A3D-4D2D-A7D8-AACAFF6AF336}.Debug|Any CPU.ActiveCfg = Debug|Any CPU
		{1061510F-6A3D-4D2D-A7D8-AACAFF6AF336}.Debug|Any CPU.Build.0 = Debug|Any CPU
		{1061510F-6A3D-4D2D-A7D8-AACAFF6AF336}.Release|Any CPU.ActiveCfg = Release|Any CPU
		{1061510F-6A3D-4D2D-A7D8-AACAFF6AF336}.Release|Any CPU.Build.0 = Release|Any CPU
	EndGlobalSection
	GlobalSection(SolutionProperties) = preSolution
		HideSolutionNode = FALSE
	EndGlobalSection
	GlobalSection(ExtensibilityGlobals) = postSolution
		SolutionGuid = {74A7D20A-B9E3-4B0E-B06C-B0FD3AB10C44}
	EndGlobalSection
EndGlobal
