
Microsoft Visual Studio Solution File, Format Version 12.00
# Visual Studio Version 16
VisualStudioVersion = 16.0.29209.62
MinimumVisualStudioVersion = 10.0.40219.1
Project("{FAE04EC0-301F-11D3-BF4B-00C04F79EFBC}") = "Student_Validation", "Student_Validation\Student_Validation.csproj", "{1DE98F37-79DC-4E6D-A04F-5CCEEDA16454}"
EndProject
Global
	GlobalSection(SolutionConfigurationPlatforms) = preSolution
		Debug|Any CPU = Debug|Any CPU
		Release|Any CPU = Release|Any CPU
	EndGlobalSection
	GlobalSection(ProjectConfigurationPlatforms) = postSolution
		{1DE98F37-79DC-4E6D-A04F-5CCEEDA16454}.Debug|Any CPU.ActiveCfg = Debug|Any CPU
		{1DE98F37-79DC-4E6D-A04F-5CCEEDA16454}.Debug|Any CPU.Build.0 = Debug|Any CPU
		{1DE98F37-79DC-4E6D-A04F-5CCEEDA16454}.Release|Any CPU.ActiveCfg = Release|Any CPU
		{1DE98F37-79DC-4E6D-A04F-5CCEEDA16454}.Release|Any CPU.Build.0 = Release|Any CPU
	EndGlobalSection
	GlobalSection(SolutionProperties) = preSolution
		HideSolutionNode = FALSE
	EndGlobalSection
	GlobalSection(ExtensibilityGlobals) = postSolution
		SolutionGuid = {04B3D567-5028-4021-BB9E-A51846E59DAD}
	EndGlobalSection
EndGlobal
