
Microsoft Visual Studio Solution File, Format Version 12.00
# Visual Studio Version 16
VisualStudioVersion = 16.0.29209.62
MinimumVisualStudioVersion = 10.0.40219.1
Project("{FAE04EC0-301F-11D3-BF4B-00C04F79EFBC}") = "Stock_Books", "Stock_Books\Stock_Books.csproj", "{36D327A9-E76C-4111-B212-DF63C387C862}"
EndProject
Global
	GlobalSection(SolutionConfigurationPlatforms) = preSolution
		Debug|Any CPU = Debug|Any CPU
		Release|Any CPU = Release|Any CPU
	EndGlobalSection
	GlobalSection(ProjectConfigurationPlatforms) = postSolution
		{36D327A9-E76C-4111-B212-DF63C387C862}.Debug|Any CPU.ActiveCfg = Debug|Any CPU
		{36D327A9-E76C-4111-B212-DF63C387C862}.Debug|Any CPU.Build.0 = Debug|Any CPU
		{36D327A9-E76C-4111-B212-DF63C387C862}.Release|Any CPU.ActiveCfg = Release|Any CPU
		{36D327A9-E76C-4111-B212-DF63C387C862}.Release|Any CPU.Build.0 = Release|Any CPU
	EndGlobalSection
	GlobalSection(SolutionProperties) = preSolution
		HideSolutionNode = FALSE
	EndGlobalSection
	GlobalSection(ExtensibilityGlobals) = postSolution
		SolutionGuid = {DDF8B3A9-C957-4F15-93C1-B749DE2D32C5}
	EndGlobalSection
EndGlobal
