
Microsoft Visual Studio Solution File, Format Version 12.00
# Visual Studio Version 16
VisualStudioVersion = 16.0.29209.62
MinimumVisualStudioVersion = 10.0.40219.1
Project("{FAE04EC0-301F-11D3-BF4B-00C04F79EFBC}") = "Shapes_Interface_Class", "Shapes_Interface_Class\Shapes_Interface_Class.csproj", "{B4FF3B07-A8F0-4C09-9D79-72DA53A487D4}"
EndProject
Global
	GlobalSection(SolutionConfigurationPlatforms) = preSolution
		Debug|Any CPU = Debug|Any CPU
		Release|Any CPU = Release|Any CPU
	EndGlobalSection
	GlobalSection(ProjectConfigurationPlatforms) = postSolution
		{B4FF3B07-A8F0-4C09-9D79-72DA53A487D4}.Debug|Any CPU.ActiveCfg = Debug|Any CPU
		{B4FF3B07-A8F0-4C09-9D79-72DA53A487D4}.Debug|Any CPU.Build.0 = Debug|Any CPU
		{B4FF3B07-A8F0-4C09-9D79-72DA53A487D4}.Release|Any CPU.ActiveCfg = Release|Any CPU
		{B4FF3B07-A8F0-4C09-9D79-72DA53A487D4}.Release|Any CPU.Build.0 = Release|Any CPU
	EndGlobalSection
	GlobalSection(SolutionProperties) = preSolution
		HideSolutionNode = FALSE
	EndGlobalSection
	GlobalSection(ExtensibilityGlobals) = postSolution
		SolutionGuid = {FC3CBCE1-210C-4EE5-B63A-3ABA5AA56A70}
	EndGlobalSection
EndGlobal
