
Microsoft Visual Studio Solution File, Format Version 12.00
# Visual Studio Version 16
VisualStudioVersion = 16.0.29102.190
MinimumVisualStudioVersion = 10.0.40219.1
Project("{FAE04EC0-301F-11D3-BF4B-00C04F79EFBC}") = "ConsoleApp1", "ConsoleApp1\ConsoleApp1.csproj", "{20908F21-6039-4720-9603-F38833986191}"
EndProject
Global
	GlobalSection(SolutionConfigurationPlatforms) = preSolution
		Debug|Any CPU = Debug|Any CPU
		Release|Any CPU = Release|Any CPU
	EndGlobalSection
	GlobalSection(ProjectConfigurationPlatforms) = postSolution
		{20908F21-6039-4720-9603-F38833986191}.Debug|Any CPU.ActiveCfg = Debug|Any CPU
		{20908F21-6039-4720-9603-F38833986191}.Debug|Any CPU.Build.0 = Debug|Any CPU
		{20908F21-6039-4720-9603-F38833986191}.Release|Any CPU.ActiveCfg = Release|Any CPU
		{20908F21-6039-4720-9603-F38833986191}.Release|Any CPU.Build.0 = Release|Any CPU
	EndGlobalSection
	GlobalSection(SolutionProperties) = preSolution
		HideSolutionNode = FALSE
	EndGlobalSection
	GlobalSection(ExtensibilityGlobals) = postSolution
		SolutionGuid = {8C9251A0-FCE5-4435-8D22-078C646E10C6}
	EndGlobalSection
EndGlobal
