
Microsoft Visual Studio Solution File, Format Version 12.00
# Visual Studio Version 16
VisualStudioVersion = 16.0.29209.62
MinimumVisualStudioVersion = 10.0.40219.1
Project("{FAE04EC0-301F-11D3-BF4B-00C04F79EFBC}") = "References Demo", "References Demo\References Demo.csproj", "{9ECA9B37-E511-453E-8A69-994795AA4624}"
EndProject
Global
	GlobalSection(SolutionConfigurationPlatforms) = preSolution
		Debug|Any CPU = Debug|Any CPU
		Release|Any CPU = Release|Any CPU
	EndGlobalSection
	GlobalSection(ProjectConfigurationPlatforms) = postSolution
		{9ECA9B37-E511-453E-8A69-994795AA4624}.Debug|Any CPU.ActiveCfg = Debug|Any CPU
		{9ECA9B37-E511-453E-8A69-994795AA4624}.Debug|Any CPU.Build.0 = Debug|Any CPU
		{9ECA9B37-E511-453E-8A69-994795AA4624}.Release|Any CPU.ActiveCfg = Release|Any CPU
		{9ECA9B37-E511-453E-8A69-994795AA4624}.Release|Any CPU.Build.0 = Release|Any CPU
	EndGlobalSection
	GlobalSection(SolutionProperties) = preSolution
		HideSolutionNode = FALSE
	EndGlobalSection
	GlobalSection(ExtensibilityGlobals) = postSolution
		SolutionGuid = {92302983-785F-4AA3-ACD2-11CCAE4A67B4}
	EndGlobalSection
EndGlobal
