
Microsoft Visual Studio Solution File, Format Version 12.00
# Visual Studio Version 16
VisualStudioVersion = 16.0.29209.62
MinimumVisualStudioVersion = 10.0.40219.1
Project("{FAE04EC0-301F-11D3-BF4B-00C04F79EFBC}") = "Order_Books", "Order_Books\Order_Books.csproj", "{A9128791-DD1F-4274-9198-1AA5CFD3B9C2}"
EndProject
Global
	GlobalSection(SolutionConfigurationPlatforms) = preSolution
		Debug|Any CPU = Debug|Any CPU
		Release|Any CPU = Release|Any CPU
	EndGlobalSection
	GlobalSection(ProjectConfigurationPlatforms) = postSolution
		{A9128791-DD1F-4274-9198-1AA5CFD3B9C2}.Debug|Any CPU.ActiveCfg = Debug|Any CPU
		{A9128791-DD1F-4274-9198-1AA5CFD3B9C2}.Debug|Any CPU.Build.0 = Debug|Any CPU
		{A9128791-DD1F-4274-9198-1AA5CFD3B9C2}.Release|Any CPU.ActiveCfg = Release|Any CPU
		{A9128791-DD1F-4274-9198-1AA5CFD3B9C2}.Release|Any CPU.Build.0 = Release|Any CPU
	EndGlobalSection
	GlobalSection(SolutionProperties) = preSolution
		HideSolutionNode = FALSE
	EndGlobalSection
	GlobalSection(ExtensibilityGlobals) = postSolution
		SolutionGuid = {11D51E7E-0DCC-471B-8BA5-69098A3E18EB}
	EndGlobalSection
EndGlobal
