
Microsoft Visual Studio Solution File, Format Version 12.00
# Visual Studio Version 16
VisualStudioVersion = 16.0.29209.62
MinimumVisualStudioVersion = 10.0.40219.1
Project("{FAE04EC0-301F-11D3-BF4B-00C04F79EFBC}") = "Book_Input-Output_V2", "Book_Input-Output_V2\Book_Input-Output_V2.csproj", "{F7119CF9-0F11-4237-AD1F-86CD8734B31C}"
EndProject
Global
	GlobalSection(SolutionConfigurationPlatforms) = preSolution
		Debug|Any CPU = Debug|Any CPU
		Release|Any CPU = Release|Any CPU
	EndGlobalSection
	GlobalSection(ProjectConfigurationPlatforms) = postSolution
		{F7119CF9-0F11-4237-AD1F-86CD8734B31C}.Debug|Any CPU.ActiveCfg = Debug|Any CPU
		{F7119CF9-0F11-4237-AD1F-86CD8734B31C}.Debug|Any CPU.Build.0 = Debug|Any CPU
		{F7119CF9-0F11-4237-AD1F-86CD8734B31C}.Release|Any CPU.ActiveCfg = Release|Any CPU
		{F7119CF9-0F11-4237-AD1F-86CD8734B31C}.Release|Any CPU.Build.0 = Release|Any CPU
	EndGlobalSection
	GlobalSection(SolutionProperties) = preSolution
		HideSolutionNode = FALSE
	EndGlobalSection
	GlobalSection(ExtensibilityGlobals) = postSolution
		SolutionGuid = {1DFFB9E6-AA77-442D-B612-817D3A7D365A}
	EndGlobalSection
EndGlobal
