
Microsoft Visual Studio Solution File, Format Version 12.00
# Visual Studio Version 16
VisualStudioVersion = 16.0.29102.190
MinimumVisualStudioVersion = 10.0.40219.1
Project("{FAE04EC0-301F-11D3-BF4B-00C04F79EFBC}") = "ClassesDemo", "ClassesDemo\ClassesDemo.csproj", "{83300653-8073-40EF-B9B4-A1DBDCF3F0C5}"
EndProject
Global
	GlobalSection(SolutionConfigurationPlatforms) = preSolution
		Debug|Any CPU = Debug|Any CPU
		Release|Any CPU = Release|Any CPU
	EndGlobalSection
	GlobalSection(ProjectConfigurationPlatforms) = postSolution
		{83300653-8073-40EF-B9B4-A1DBDCF3F0C5}.Debug|Any CPU.ActiveCfg = Debug|Any CPU
		{83300653-8073-40EF-B9B4-A1DBDCF3F0C5}.Debug|Any CPU.Build.0 = Debug|Any CPU
		{83300653-8073-40EF-B9B4-A1DBDCF3F0C5}.Release|Any CPU.ActiveCfg = Release|Any CPU
		{83300653-8073-40EF-B9B4-A1DBDCF3F0C5}.Release|Any CPU.Build.0 = Release|Any CPU
	EndGlobalSection
	GlobalSection(SolutionProperties) = preSolution
		HideSolutionNode = FALSE
	EndGlobalSection
	GlobalSection(ExtensibilityGlobals) = postSolution
		SolutionGuid = {2A74B9A8-01D7-4B6A-BB7E-4800C31F9B76}
	EndGlobalSection
EndGlobal
